<Solution>
  <Folder Name="/doc/" />
  <Folder Name="/Solution Items/">
    <File Path=".editorconfig" />
  </Folder>
  <Folder Name="/src/">
    <Project Path="src/ArcadeMaker.Core/ArcadeMaker.Core.csproj" />
    <Project Path="src/ArcadeMaker.IDE/ArcadeMaker.IDE.csproj" />
    <Project Path="src/Exp/Exp.csproj" />
  </Folder>
  <Folder Name="/src/Engines/" />
  <Folder Name="/src/Engines/MonoGame/">
    <Project Path="src/Engines/MonoGame/Core/ArcadeMaker.Engines.MonoGame.Core.csproj" />
  </Folder>
  <Folder Name="/src/Engines/MonoGame/Platforms/">
    <Project Path="src/Engines/MonoGame/Platforms/Android/ArcadeMaker.Engines.MonoGame.Platforms.Android/ArcadeMaker.Engines.MonoGame.Platforms.Android.csproj" Id="4513d914-c216-442c-8d66-b0a7a1041ae8" />
    <Project Path="src/Engines/MonoGame/Platforms/WindowsDX/ArcadeMaker.Engines.MonoGame.Platforms.WindowsDX.csproj" />
  </Folder>
</Solution>
